
Microsoft Visual Studio Solution File, Format Version 12.00
# Visual Studio 15
VisualStudioVersion = 15.0.28307.168
MinimumVisualStudioVersion = 10.0.40219.1
Project("{FAE04EC0-301F-11D3-BF4B-00C04F79EFBC}") = "jisuanqi1", "jisuanqi1\jisuanqi1.csproj", "{B647113F-6539-43AB-8DDB-4611E5FEEE9C}"
EndProject
Global
	GlobalSection(SolutionConfigurationPlatforms) = preSolution
		Debug|Any CPU = Debug|Any CPU
		Release|Any CPU = Release|Any CPU
	EndGlobalSection
	GlobalSection(ProjectConfigurationPlatforms) = postSolution
		{B647113F-6539-43AB-8DDB-4611E5FEEE9C}.Debug|Any CPU.ActiveCfg = Debug|Any CPU
		{B647113F-6539-43AB-8DDB-4611E5FEEE9C}.Debug|Any CPU.Build.0 = Debug|Any CPU
		{B647113F-6539-43AB-8DDB-4611E5FEEE9C}.Release|Any CPU.ActiveCfg = Release|Any CPU
		{B647113F-6539-43AB-8DDB-4611E5FEEE9C}.Release|Any CPU.Build.0 = Release|Any CPU
	EndGlobalSection
	GlobalSection(SolutionProperties) = preSolution
		HideSolutionNode = FALSE
	EndGlobalSection
	GlobalSection(ExtensibilityGlobals) = postSolution
		SolutionGuid = {040916FE-C3DF-4096-A5D3-87873A3B120C}
	EndGlobalSection
EndGlobal
